
Microsoft Visual Studio Solution File, Format Version 12.00
# Visual Studio Version 18
VisualStudioVersion = 18.1.11312.151
MinimumVisualStudioVersion = 10.0.40219.1
Project("{2150E333-8FDC-42A3-9474-1A3956D46DE8}") = "src", "src", "{827E0CD3-B72D-47B6-A68D-7590B98EB39B}"
EndProject
Project("{FAE04EC0-301F-11D3-BF4B-00C04F79EFBC}") = "ExamNavigator.Domain", "src\ExamNavigator.Domain\ExamNavigator.Domain.csproj", "{2C54D820-0F2B-404E-B988-A318246E8D32}"
EndProject
Project("{FAE04EC0-301F-11D3-BF4B-00C04F79EFBC}") = "ExamNavigator.Application", "src\ExamNavigator.Application\ExamNavigator.Application.csproj", "{F8F73660-9CAD-49FD-81E5-52BB1FAE4922}"
EndProject
Project("{FAE04EC0-301F-11D3-BF4B-00C04F79EFBC}") = "ExamNavigator.WinForms", "src\ExamNavigator.WinForms\ExamNavigator.WinForms.csproj", "{4EA9C900-4690-4249-9B9D-C9D6136AACD8}"
EndProject
Project("{FAE04EC0-301F-11D3-BF4B-00C04F79EFBC}") = "ExamNavigator.Mvc", "src\ExamNavigator.Mvc\ExamNavigator.Mvc.csproj", "{7A311945-39C0-4CA7-AB9C-CD8096569527}"
EndProject
Project("{FAE04EC0-301F-11D3-BF4B-00C04F79EFBC}") = "ExamNavigator.Infrastructure.PostgreSql", "src\ExamNavigator.Infrastructure.PostgreSql\ExamNavigator.Infrastructure.PostgreSql.csproj", "{B889F4FC-7A15-459C-8FD2-37879C19C8FB}"
EndProject
Project("{FAE04EC0-301F-11D3-BF4B-00C04F79EFBC}") = "ExamNavigator.Infrastructure.SqlServer", "src\ExamNavigator.Infrastructure.SqlServer\ExamNavigator.Infrastructure.SqlServer.csproj", "{2A4B5F18-BE3A-450C-B6E6-594714F56F1B}"
EndProject
Global
	GlobalSection(SolutionConfigurationPlatforms) = preSolution
		Debug|Any CPU = Debug|Any CPU
		Debug|x64 = Debug|x64
		Debug|x86 = Debug|x86
		Release|Any CPU = Release|Any CPU
		Release|x64 = Release|x64
		Release|x86 = Release|x86
	EndGlobalSection
	GlobalSection(ProjectConfigurationPlatforms) = postSolution
		{2C54D820-0F2B-404E-B988-A318246E8D32}.Debug|Any CPU.ActiveCfg = Debug|Any CPU
		{2C54D820-0F2B-404E-B988-A318246E8D32}.Debug|Any CPU.Build.0 = Debug|Any CPU
		{2C54D820-0F2B-404E-B988-A318246E8D32}.Debug|x64.ActiveCfg = Debug|Any CPU
		{2C54D820-0F2B-404E-B988-A318246E8D32}.Debug|x64.Build.0 = Debug|Any CPU
		{2C54D820-0F2B-404E-B988-A318246E8D32}.Debug|x86.ActiveCfg = Debug|Any CPU
		{2C54D820-0F2B-404E-B988-A318246E8D32}.Debug|x86.Build.0 = Debug|Any CPU
		{2C54D820-0F2B-404E-B988-A318246E8D32}.Release|Any CPU.ActiveCfg = Release|Any CPU
		{2C54D820-0F2B-404E-B988-A318246E8D32}.Release|Any CPU.Build.0 = Release|Any CPU
		{2C54D820-0F2B-404E-B988-A318246E8D32}.Release|x64.ActiveCfg = Release|Any CPU
		{2C54D820-0F2B-404E-B988-A318246E8D32}.Release|x64.Build.0 = Release|Any CPU
		{2C54D820-0F2B-404E-B988-A318246E8D32}.Release|x86.ActiveCfg = Release|Any CPU
		{2C54D820-0F2B-404E-B988-A318246E8D32}.Release|x86.Build.0 = Release|Any CPU
		{F8F73660-9CAD-49FD-81E5-52BB1FAE4922}.Debug|Any CPU.ActiveCfg = Debug|Any CPU
		{F8F73660-9CAD-49FD-81E5-52BB1FAE4922}.Debug|Any CPU.Build.0 = Debug|Any CPU
		{F8F73660-9CAD-49FD-81E5-52BB1FAE4922}.Debug|x64.ActiveCfg = Debug|Any CPU
		{F8F73660-9CAD-49FD-81E5-52BB1FAE4922}.Debug|x64.Build.0 = Debug|Any CPU
		{F8F73660-9CAD-49FD-81E5-52BB1FAE4922}.Debug|x86.ActiveCfg = Debug|Any CPU
		{F8F73660-9CAD-49FD-81E5-52BB1FAE4922}.Debug|x86.Build.0 = Debug|Any CPU
		{F8F73660-9CAD-49FD-81E5-52BB1FAE4922}.Release|Any CPU.ActiveCfg = Release|Any CPU
		{F8F73660-9CAD-49FD-81E5-52BB1FAE4922}.Release|Any CPU.Build.0 = Release|Any CPU
		{F8F73660-9CAD-49FD-81E5-52BB1FAE4922}.Release|x64.ActiveCfg = Release|Any CPU
		{F8F73660-9CAD-49FD-81E5-52BB1FAE4922}.Release|x64.Build.0 = Release|Any CPU
		{F8F73660-9CAD-49FD-81E5-52BB1FAE4922}.Release|x86.ActiveCfg = Release|Any CPU
		{F8F73660-9CAD-49FD-81E5-52BB1FAE4922}.Release|x86.Build.0 = Release|Any CPU
		{4EA9C900-4690-4249-9B9D-C9D6136AACD8}.Debug|Any CPU.ActiveCfg = Debug|Any CPU
		{4EA9C900-4690-4249-9B9D-C9D6136AACD8}.Debug|Any CPU.Build.0 = Debug|Any CPU
		{4EA9C900-4690-4249-9B9D-C9D6136AACD8}.Debug|x64.ActiveCfg = Debug|Any CPU
		{4EA9C900-4690-4249-9B9D-C9D6136AACD8}.Debug|x64.Build.0 = Debug|Any CPU
		{4EA9C900-4690-4249-9B9D-C9D6136AACD8}.Debug|x86.ActiveCfg = Debug|Any CPU
		{4EA9C900-4690-4249-9B9D-C9D6136AACD8}.Debug|x86.Build.0 = Debug|Any CPU
		{4EA9C900-4690-4249-9B9D-C9D6136AACD8}.Release|Any CPU.ActiveCfg = Release|Any CPU
		{4EA9C900-4690-4249-9B9D-C9D6136AACD8}.Release|Any CPU.Build.0 = Release|Any CPU
		{4EA9C900-4690-4249-9B9D-C9D6136AACD8}.Release|x64.ActiveCfg = Release|Any CPU
		{4EA9C900-4690-4249-9B9D-C9D6136AACD8}.Release|x64.Build.0 = Release|Any CPU
		{4EA9C900-4690-4249-9B9D-C9D6136AACD8}.Release|x86.ActiveCfg = Release|Any CPU
		{4EA9C900-4690-4249-9B9D-C9D6136AACD8}.Release|x86.Build.0 = Release|Any CPU
		{7A311945-39C0-4CA7-AB9C-CD8096569527}.Debug|Any CPU.ActiveCfg = Debug|Any CPU
		{7A311945-39C0-4CA7-AB9C-CD8096569527}.Debug|Any CPU.Build.0 = Debug|Any CPU
		{7A311945-39C0-4CA7-AB9C-CD8096569527}.Debug|x64.ActiveCfg = Debug|Any CPU
		{7A311945-39C0-4CA7-AB9C-CD8096569527}.Debug|x64.Build.0 = Debug|Any CPU
		{7A311945-39C0-4CA7-AB9C-CD8096569527}.Debug|x86.ActiveCfg = Debug|Any CPU
		{7A311945-39C0-4CA7-AB9C-CD8096569527}.Debug|x86.Build.0 = Debug|Any CPU
		{7A311945-39C0-4CA7-AB9C-CD8096569527}.Release|Any CPU.ActiveCfg = Release|Any CPU
		{7A311945-39C0-4CA7-AB9C-CD8096569527}.Release|Any CPU.Build.0 = Release|Any CPU
		{7A311945-39C0-4CA7-AB9C-CD8096569527}.Release|x64.ActiveCfg = Release|Any CPU
		{7A311945-39C0-4CA7-AB9C-CD8096569527}.Release|x64.Build.0 = Release|Any CPU
		{7A311945-39C0-4CA7-AB9C-CD8096569527}.Release|x86.ActiveCfg = Release|Any CPU
		{7A311945-39C0-4CA7-AB9C-CD8096569527}.Release|x86.Build.0 = Release|Any CPU
		{B889F4FC-7A15-459C-8FD2-37879C19C8FB}.Debug|Any CPU.ActiveCfg = Debug|Any CPU
		{B889F4FC-7A15-459C-8FD2-37879C19C8FB}.Debug|Any CPU.Build.0 = Debug|Any CPU
		{B889F4FC-7A15-459C-8FD2-37879C19C8FB}.Debug|x64.ActiveCfg = Debug|Any CPU
		{B889F4FC-7A15-459C-8FD2-37879C19C8FB}.Debug|x64.Build.0 = Debug|Any CPU
		{B889F4FC-7A15-459C-8FD2-37879C19C8FB}.Debug|x86.ActiveCfg = Debug|Any CPU
		{B889F4FC-7A15-459C-8FD2-37879C19C8FB}.Debug|x86.Build.0 = Debug|Any CPU
		{B889F4FC-7A15-459C-8FD2-37879C19C8FB}.Release|Any CPU.ActiveCfg = Release|Any CPU
		{B889F4FC-7A15-459C-8FD2-37879C19C8FB}.Release|Any CPU.Build.0 = Release|Any CPU
		{B889F4FC-7A15-459C-8FD2-37879C19C8FB}.Release|x64.ActiveCfg = Release|Any CPU
		{B889F4FC-7A15-459C-8FD2-37879C19C8FB}.Release|x64.Build.0 = Release|Any CPU
		{B889F4FC-7A15-459C-8FD2-37879C19C8FB}.Release|x86.ActiveCfg = Release|Any CPU
		{B889F4FC-7A15-459C-8FD2-37879C19C8FB}.Release|x86.Build.0 = Release|Any CPU
		{2A4B5F18-BE3A-450C-B6E6-594714F56F1B}.Debug|Any CPU.ActiveCfg = Debug|Any CPU
		{2A4B5F18-BE3A-450C-B6E6-594714F56F1B}.Debug|Any CPU.Build.0 = Debug|Any CPU
		{2A4B5F18-BE3A-450C-B6E6-594714F56F1B}.Debug|x64.ActiveCfg = Debug|Any CPU
		{2A4B5F18-BE3A-450C-B6E6-594714F56F1B}.Debug|x64.Build.0 = Debug|Any CPU
		{2A4B5F18-BE3A-450C-B6E6-594714F56F1B}.Debug|x86.ActiveCfg = Debug|Any CPU
		{2A4B5F18-BE3A-450C-B6E6-594714F56F1B}.Debug|x86.Build.0 = Debug|Any CPU
		{2A4B5F18-BE3A-450C-B6E6-594714F56F1B}.Release|Any CPU.ActiveCfg = Release|Any CPU
		{2A4B5F18-BE3A-450C-B6E6-594714F56F1B}.Release|Any CPU.Build.0 = Release|Any CPU
		{2A4B5F18-BE3A-450C-B6E6-594714F56F1B}.Release|x64.ActiveCfg = Release|Any CPU
		{2A4B5F18-BE3A-450C-B6E6-594714F56F1B}.Release|x64.Build.0 = Release|Any CPU
		{2A4B5F18-BE3A-450C-B6E6-594714F56F1B}.Release|x86.ActiveCfg = Release|Any CPU
		{2A4B5F18-BE3A-450C-B6E6-594714F56F1B}.Release|x86.Build.0 = Release|Any CPU
	EndGlobalSection
	GlobalSection(SolutionProperties) = preSolution
		HideSolutionNode = FALSE
	EndGlobalSection
	GlobalSection(NestedProjects) = preSolution
		{2C54D820-0F2B-404E-B988-A318246E8D32} = {827E0CD3-B72D-47B6-A68D-7590B98EB39B}
		{F8F73660-9CAD-49FD-81E5-52BB1FAE4922} = {827E0CD3-B72D-47B6-A68D-7590B98EB39B}
		{4EA9C900-4690-4249-9B9D-C9D6136AACD8} = {827E0CD3-B72D-47B6-A68D-7590B98EB39B}
		{7A311945-39C0-4CA7-AB9C-CD8096569527} = {827E0CD3-B72D-47B6-A68D-7590B98EB39B}
		{B889F4FC-7A15-459C-8FD2-37879C19C8FB} = {827E0CD3-B72D-47B6-A68D-7590B98EB39B}
		{2A4B5F18-BE3A-450C-B6E6-594714F56F1B} = {827E0CD3-B72D-47B6-A68D-7590B98EB39B}
	EndGlobalSection
	GlobalSection(ExtensibilityGlobals) = postSolution
		SolutionGuid = {00BB1690-0FDE-4245-A365-C6FCF93F2956}
	EndGlobalSection
EndGlobal
